lockfileVersion: '9.0'

settings:
  autoInstallPeers: true
  excludeLinksFromLockfile: false

importers:

  .:
    dependencies:
      '@trpc/client':
        specifier: 11.0.0-rc.601
        version: 11.0.0-rc.601(@trpc/server@11.0.0-rc.601)
      '@trpc/server':
        specifier: 11.0.0-rc.601
        version: 11.0.0-rc.601

packages:

  '@trpc/client@11.0.0-rc.601':
    resolution: {integrity: sha512-PIvWsFXno6vcNTbZelFH3M66cEqcTwvW+UfPEW0+syL/66IAcFfotnMPZ4Pr0inUdmoXW9H3MtXlh2qK0lGdmg==}
    peerDependencies:
      '@trpc/server': 11.0.0-rc.601+5a96855d9

  '@trpc/server@11.0.0-rc.601':
    resolution: {integrity: sha512-Pj2i9FKiB6dr1BW2oXZ4lepZ/D5k30fVXJI1B3SKOYDIwCnnk6f/KTMb5mmo0xuKGRfZYdrggqEf8qlgegyN0g==}

snapshots:

  '@trpc/client@11.0.0-rc.601(@trpc/server@11.0.0-rc.601)':
    dependencies:
      '@trpc/server': 11.0.0-rc.601

  '@trpc/server@11.0.0-rc.601': {}
